// !$*UTF8*$!
{
	archiveVersion = 1;
	classes = {
	};
	objectVersion = 50;
	objects = {

/* Begin PBXBuildFile section */
		7E61232123D58136009F3247 /* GameStatus.swift in Sources */ = {isa = PBXBuildFile; fileRef = 7E61232023D58136009F3247 /* GameStatus.swift */; };
		7E867D4723D02FD800428D9E /* AppDelegate.swift in Sources */ = {isa = PBXBuildFile; fileRef = 7E867D4623D02FD800428D9E /* AppDelegate.swift */; };
		7E867D4923D02FD800428D9E /* SceneDelegate.swift in Sources */ = {isa = PBXBuildFile; fileRef = 7E867D4823D02FD800428D9E /* SceneDelegate.swift */; };
		7E867D4B23D02FD800428D9E /* ViewController.swift in Sources */ = {isa = PBXBuildFile; fileRef = 7E867D4A23D02FD800428D9E /* ViewController.swift */; };
		7E867D4E23D02FD800428D9E /* Main.storyboard in Resources */ = {isa = PBXBuildFile; fileRef = 7E867D4C23D02FD800428D9E /* Main.storyboard */; };
		7E867D5023D02FDA00428D9E /* Assets.xcassets in Resources */ = {isa = PBXBuildFile; fileRef = 7E867D4F23D02FDA00428D9E /* Assets.xcassets */; };
		7E867D5323D02FDA00428D9E /* LaunchScreen.storyboard in Resources */ = {isa = PBXBuildFile; fileRef = 7E867D5123D02FDA00428D9E /* LaunchScreen.storyboard */; };
		7E867D5C23D0302E00428D9E /* Card.swift in Sources */ = {isa = PBXBuildFile; fileRef = 7E867D5B23D0302E00428D9E /* Card.swift */; };
		7E867D5E23D0304400428D9E /* Skill.swift in Sources */ = {isa = PBXBuildFile; fileRef = 7E867D5D23D0304400428D9E /* Skill.swift */; };
		7E867D6023D0308200428D9E /* Creature.swift in Sources */ = {isa = PBXBuildFile; fileRef = 7E867D5F23D0308200428D9E /* Creature.swift */; };
		7E867D6223D030D600428D9E /* Types.swift in Sources */ = {isa = PBXBuildFile; fileRef = 7E867D6123D030D600428D9E /* Types.swift */; };
		7E867D6423D0319B00428D9E /* PlayerStatus.swift in Sources */ = {isa = PBXBuildFile; fileRef = 7E867D6323D0319B00428D9E /* PlayerStatus.swift */; };
		7E867D6623D031F900428D9E /* Player.swift in Sources */ = {isa = PBXBuildFile; fileRef = 7E867D6523D031F900428D9E /* Player.swift */; };
		7E867D6823D0321200428D9E /* Game.swift in Sources */ = {isa = PBXBuildFile; fileRef = 7E867D6723D0321200428D9E /* Game.swift */; };
		7E867D6A23D034F200428D9E /* GameController.swift in Sources */ = {isa = PBXBuildFile; fileRef = 7E867D6923D034F200428D9E /* GameController.swift */; };
		7E867D6C23D0495300428D9E /* Connection.swift in Sources */ = {isa = PBXBuildFile; fileRef = 7E867D6B23D0495300428D9E /* Connection.swift */; };
/* End PBXBuildFile section */

/* Begin PBXFileReference section */
		7E61232023D58136009F3247 /* GameStatus.swift */ = {isa = PBXFileReference; lastKnownFileType = sourcecode.swift; path = GameStatus.swift; sourceTree = "<group>"; };
		7E867D4323D02FD800428D9E /* evolution.app */ = {isa = PBXFileReference; explicitFileType = wrapper.application; includeInIndex = 0; path = evolution.app; sourceTree = BUILT_PRODUCTS_DIR; };
		7E867D4623D02FD800428D9E /* AppDelegate.swift */ = {isa = PBXFileReference; lastKnownFileType = sourcecode.swift; path = AppDelegate.swift; sourceTree = "<group>"; };
		7E867D4823D02FD800428D9E /* SceneDelegate.swift */ = {isa = PBXFileReference; lastKnownFileType = sourcecode.swift; path = SceneDelegate.swift; sourceTree = "<group>"; };
		7E867D4A23D02FD800428D9E /* ViewController.swift */ = {isa = PBXFileReference; lastKnownFileType = sourcecode.swift; path = ViewController.swift; sourceTree = "<group>"; };
		7E867D4D23D02FD800428D9E /* Base */ = {isa = PBXFileReference; lastKnownFileType = file.storyboard; name = Base; path = Base.lproj/Main.storyboard; sourceTree = "<group>"; };
		7E867D4F23D02FDA00428D9E /* Assets.xcassets */ = {isa = PBXFileReference; lastKnownFileType = folder.assetcatalog; path = Assets.xcassets; sourceTree = "<group>"; };
		7E867D5223D02FDA00428D9E /* Base */ = {isa = PBXFileReference; lastKnownFileType = file.storyboard; name = Base; path = Base.lproj/LaunchScreen.storyboard; sourceTree = "<group>"; };
		7E867D5423D02FDA00428D9E /* Info.plist */ = {isa = PBXFileReference; lastKnownFileType = text.plist.xml; path = Info.plist; sourceTree = "<group>"; };
		7E867D5B23D0302E00428D9E /* Card.swift */ = {isa = PBXFileReference; lastKnownFileType = sourcecode.swift; path = Card.swift; sourceTree = "<group>"; };
		7E867D5D23D0304400428D9E /* Skill.swift */ = {isa = PBXFileReference; lastKnownFileType = sourcecode.swift; path = Skill.swift; sourceTree = "<group>"; };
		7E867D5F23D0308200428D9E /* Creature.swift */ = {isa = PBXFileReference; lastKnownFileType = sourcecode.swift; path = Creature.swift; sourceTree = "<group>"; };
		7E867D6123D030D600428D9E /* Types.swift */ = {isa = PBXFileReference; lastKnownFileType = sourcecode.swift; path = Types.swift; sourceTree = "<group>"; };
		7E867D6323D0319B00428D9E /* PlayerStatus.swift */ = {isa = PBXFileReference; lastKnownFileType = sourcecode.swift; path = PlayerStatus.swift; sourceTree = "<group>"; };
		7E867D6523D031F900428D9E /* Player.swift */ = {isa = PBXFileReference; lastKnownFileType = sourcecode.swift; path = Player.swift; sourceTree = "<group>"; };
		7E867D6723D0321200428D9E /* Game.swift */ = {isa = PBXFileReference; lastKnownFileType = sourcecode.swift; path = Game.swift; sourceTree = "<group>"; };
		7E867D6923D034F200428D9E /* GameController.swift */ = {isa = PBXFileReference; lastKnownFileType = sourcecode.swift; path = GameController.swift; sourceTree = "<group>"; };
		7E867D6B23D0495300428D9E /* Connection.swift */ = {isa = PBXFileReference; lastKnownFileType = sourcecode.swift; path = Connection.swift; sourceTree = "<group>"; };
/* End PBXFileReference section */

/* Begin PBXFrameworksBuildPhase section */
		7E867D4023D02FD800428D9E /* Frameworks */ = {
			isa = PBXFrameworksBuildPhase;
			buildActionMask = 2147483647;
			files = (
			);
			runOnlyForDeploymentPostprocessing = 0;
		};
/* End PBXFrameworksBuildPhase section */

/* Begin PBXGroup section */
		7E867D3A23D02FD800428D9E = {
			isa = PBXGroup;
			children = (
				7E867D4523D02FD800428D9E /* evolution */,
				7E867D4423D02FD800428D9E /* Products */,
			);
			sourceTree = "<group>";
		};
		7E867D4423D02FD800428D9E /* Products */ = {
			isa = PBXGroup;
			children = (
				7E867D4323D02FD800428D9E /* evolution.app */,
			);
			name = Products;
			sourceTree = "<group>";
		};
		7E867D4523D02FD800428D9E /* evolution */ = {
			isa = PBXGroup;
			children = (
				7E867D6E23D04E5F00428D9E /* server */,
				7E867D6D23D04E4800428D9E /* client */,
				7E867D5A23D0300600428D9E /* core */,
				7E867D4623D02FD800428D9E /* AppDelegate.swift */,
				7E867D4823D02FD800428D9E /* SceneDelegate.swift */,
				7E867D4A23D02FD800428D9E /* ViewController.swift */,
				7E867D4C23D02FD800428D9E /* Main.storyboard */,
				7E867D4F23D02FDA00428D9E /* Assets.xcassets */,
				7E867D5123D02FDA00428D9E /* LaunchScreen.storyboard */,
				7E867D5423D02FDA00428D9E /* Info.plist */,
			);
			path = evolution;
			sourceTree = "<group>";
		};
		7E867D5A23D0300600428D9E /* core */ = {
			isa = PBXGroup;
			children = (
				7E867D6523D031F900428D9E /* Player.swift */,
				7E867D6323D0319B00428D9E /* PlayerStatus.swift */,
				7E867D5B23D0302E00428D9E /* Card.swift */,
				7E867D5D23D0304400428D9E /* Skill.swift */,
				7E867D5F23D0308200428D9E /* Creature.swift */,
				7E867D6123D030D600428D9E /* Types.swift */,
				7E61232023D58136009F3247 /* GameStatus.swift */,
			);
			path = core;
			sourceTree = "<group>";
		};
		7E867D6D23D04E4800428D9E /* client */ = {
			isa = PBXGroup;
			children = (
				7E867D6923D034F200428D9E /* GameController.swift */,
				7E867D6B23D0495300428D9E /* Connection.swift */,
			);
			path = client;
			sourceTree = "<group>";
		};
		7E867D6E23D04E5F00428D9E /* server */ = {
			isa = PBXGroup;
			children = (
				7E867D6723D0321200428D9E /* Game.swift */,
			);
			path = server;
			sourceTree = "<group>";
		};
/* End PBXGroup section */

/* Begin PBXNativeTarget section */
		7E867D4223D02FD800428D9E /* evolution */ = {
			isa = PBXNativeTarget;
			buildConfigurationList = 7E867D5723D02FDB00428D9E /* Build configuration list for PBXNativeTarget "evolution" */;
			buildPhases = (
				7E867D3F23D02FD800428D9E /* Sources */,
				7E867D4023D02FD800428D9E /* Frameworks */,
				7E867D4123D02FD800428D9E /* Resources */,
			);
			buildRules = (
			);
			dependencies = (
			);
			name = evolution;
			productName = evolution;
			productReference = 7E867D4323D02FD800428D9E /* evolution.app */;
			productType = "com.apple.product-type.application";
		};
/* End PBXNativeTarget section */

/* Begin PBXProject section */
		7E867D3B23D02FD800428D9E /* Project object */ = {
			isa = PBXProject;
			attributes = {
				LastSwiftUpdateCheck = 1130;
				LastUpgradeCheck = 1130;
				ORGANIZATIONNAME = "Shao Tianchi";
				TargetAttributes = {
					7E867D4223D02FD800428D9E = {
						CreatedOnToolsVersion = 11.3.1;
					};
				};
			};
			buildConfigurationList = 7E867D3E23D02FD800428D9E /* Build configuration list for PBXProject "evolution" */;
			compatibilityVersion = "Xcode 9.3";
			developmentRegion = en;
			hasScannedForEncodings = 0;
			knownRegions = (
				en,
				Base,
			);
			mainGroup = 7E867D3A23D02FD800428D9E;
			productRefGroup = 7E867D4423D02FD800428D9E /* Products */;
			projectDirPath = "";
			projectRoot = "";
			targets = (
				7E867D4223D02FD800428D9E /* evolution */,
			);
		};
/* End PBXProject section */

/* Begin PBXResourcesBuildPhase section */
		7E867D4123D02FD800428D9E /* Resources */ = {
			isa = PBXResourcesBuildPhase;
			buildActionMask = 2147483647;
			files = (
				7E867D5323D02FDA00428D9E /* LaunchScreen.storyboard in Resources */,
				7E867D5023D02FDA00428D9E /* Assets.xcassets in Resources */,
				7E867D4E23D02FD800428D9E /* Main.storyboard in Resources */,
			);
			runOnlyForDeploymentPostprocessing = 0;
		};
/* End PBXResourcesBuildPhase section */

/* Begin PBXSourcesBuildPhase section */
		7E867D3F23D02FD800428D9E /* Sources */ = {
			isa = PBXSourcesBuildPhase;
			buildActionMask = 2147483647;
			files = (
				7E867D4B23D02FD800428D9E /* ViewController.swift in Sources */,
				7E867D6823D0321200428D9E /* Game.swift in Sources */,
				7E867D6A23D034F200428D9E /* GameController.swift in Sources */,
				7E867D6423D0319B00428D9E /* PlayerStatus.swift in Sources */,
				7E867D4723D02FD800428D9E /* AppDelegate.swift in Sources */,
				7E867D6023D0308200428D9E /* Creature.swift in Sources */,
				7E867D6223D030D600428D9E /* Types.swift in Sources */,
				7E867D6C23D0495300428D9E /* Connection.swift in Sources */,
				7E867D5E23D0304400428D9E /* Skill.swift in Sources */,
				7E867D4923D02FD800428D9E /* SceneDelegate.swift in Sources */,
				7E61232123D58136009F3247 /* GameStatus.swift in Sources */,
				7E867D6623D031F900428D9E /* Player.swift in Sources */,
				7E867D5C23D0302E00428D9E /* Card.swift in Sources */,
			);
			runOnlyForDeploymentPostprocessing = 0;
		};
/* End PBXSourcesBuildPhase section */

/* Begin PBXVariantGroup section */
		7E867D4C23D02FD800428D9E /* Main.storyboard */ = {
			isa = PBXVariantGroup;
			children = (
				7E867D4D23D02FD800428D9E /* Base */,
			);
			name = Main.storyboard;
			sourceTree = "<group>";
		};
		7E867D5123D02FDA00428D9E /* LaunchScreen.storyboard */ = {
			isa = PBXVariantGroup;
			children = (
				7E867D5223D02FDA00428D9E /* Base */,
			);
			name = LaunchScreen.storyboard;
			sourceTree = "<group>";
		};
/* End PBXVariantGroup section */

/* Begin XCBuildConfiguration section */
		7E867D5523D02FDB00428D9E /* Debug */ = {
			isa = XCBuildConfiguration;
			buildSettings = {
				ALWAYS_SEARCH_USER_PATHS = NO;
				CLANG_ANALYZER_NONNULL = YES;
				CLANG_ANALYZER_NUMBER_OBJECT_CONVERSION = YES_AGGRESSIVE;
				CLANG_CXX_LANGUAGE_STANDARD = "gnu++14";
				CLANG_CXX_LIBRARY = "libc++";
				CLANG_ENABLE_MODULES = YES;
				CLANG_ENABLE_OBJC_ARC = YES;
				CLANG_ENABLE_OBJC_WEAK = YES;
				CLANG_WARN_BLOCK_CAPTURE_AUTORELEASING = YES;
				CLANG_WARN_BOOL_CONVERSION = YES;
				CLANG_WARN_COMMA = YES;
				CLANG_WARN_CONSTANT_CONVERSION = YES;
				CLANG_WARN_DEPRECATED_OBJC_IMPLEMENTATIONS = YES;
				CLANG_WARN_DIRECT_OBJC_ISA_USAGE = YES_ERROR;
				CLANG_WARN_DOCUMENTATION_COMMENTS = YES;
				CLANG_WARN_EMPTY_BODY = YES;
				CLANG_WARN_ENUM_CONVERSION = YES;
				CLANG_WARN_INFINITE_RECURSION = YES;
				CLANG_WARN_INT_CONVERSION = YES;
				CLANG_WARN_NON_LITERAL_NULL_CONVERSION = YES;
				CLANG_WARN_OBJC_IMPLICIT_RETAIN_SELF = YES;
				CLANG_WARN_OBJC_LITERAL_CONVERSION = YES;
				CLANG_WARN_OBJC_ROOT_CLASS = YES_ERROR;
				CLANG_WARN_RANGE_LOOP_ANALYSIS = YES;
				CLANG_WARN_STRICT_PROTOTYPES = YES;
				CLANG_WARN_SUSPICIOUS_MOVE = YES;
				CLANG_WARN_UNGUARDED_AVAILABILITY = YES_AGGRESSIVE;
				CLANG_WARN_UNREACHABLE_CODE = YES;
				CLANG_WARN__DUPLICATE_METHOD_MATCH = YES;
				COPY_PHASE_STRIP = NO;
				DEBUG_INFORMATION_FORMAT = dwarf;
				ENABLE_STRICT_OBJC_MSGSEND = YES;
				ENABLE_TESTABILITY = YES;
				GCC_C_LANGUAGE_STANDARD = gnu11;
				GCC_DYNAMIC_NO_PIC = NO;
				GCC_NO_COMMON_BLOCKS = YES;
				GCC_OPTIMIZATION_LEVEL = 0;
				GCC_PREPROCESSOR_DEFINITIONS = (
					"DEBUG=1",
					"$(inherited)",
				);
				GCC_WARN_64_TO_32_BIT_CONVERSION = YES;
				GCC_WARN_ABOUT_RETURN_TYPE = YES_ERROR;
				GCC_WARN_UNDECLARED_SELECTOR = YES;
				GCC_WARN_UNINITIALIZED_AUTOS = YES_AGGRESSIVE;
				GCC_WARN_UNUSED_FUNCTION = YES;
				GCC_WARN_UNUSED_VARIABLE = YES;
				IPHONEOS_DEPLOYMENT_TARGET = 13.2;
				MTL_ENABLE_DEBUG_INFO = INCLUDE_SOURCE;
				MTL_FAST_MATH = YES;
				ONLY_ACTIVE_ARCH = YES;
				SDKROOT = iphoneos;
				SWIFT_ACTIVE_COMPILATION_CONDITIONS = DEBUG;
				SWIFT_OPTIMIZATION_LEVEL = "-Onone";
			};
			name = Debug;
		};
		7E867D5623D02FDB00428D9E /* Release */ = {
			isa = XCBuildConfiguration;
			buildSettings = {
				ALWAYS_SEARCH_USER_PATHS = NO;
				CLANG_ANALYZER_NONNULL = YES;
				CLANG_ANALYZER_NUMBER_OBJECT_CONVERSION = YES_AGGRESSIVE;
				CLANG_CXX_LANGUAGE_STANDARD = "gnu++14";
				CLANG_CXX_LIBRARY = "libc++";
				CLANG_ENABLE_MODULES = YES;
				CLANG_ENABLE_OBJC_ARC = YES;
				CLANG_ENABLE_OBJC_WEAK = YES;
				CLANG_WARN_BLOCK_CAPTURE_AUTORELEASING = YES;
				CLANG_WARN_BOOL_CONVERSION = YES;
				CLANG_WARN_COMMA = YES;
				CLANG_WARN_CONSTANT_CONVERSION = YES;
				CLANG_WARN_DEPRECATED_OBJC_IMPLEMENTATIONS = YES;
				CLANG_WARN_DIRECT_OBJC_ISA_USAGE = YES_ERROR;
				CLANG_WARN_DOCUMENTATION_COMMENTS = YES;
				CLANG_WARN_EMPTY_BODY = YES;
				CLANG_WARN_ENUM_CONVERSION = YES;
				CLANG_WARN_INFINITE_RECURSION = YES;
				CLANG_WARN_INT_CONVERSION = YES;
				CLANG_WARN_NON_LITERAL_NULL_CONVERSION = YES;
				CLANG_WARN_OBJC_IMPLICIT_RETAIN_SELF = YES;
				CLANG_WARN_OBJC_LITERAL_CONVERSION = YES;
				CLANG_WARN_OBJC_ROOT_CLASS = YES_ERROR;
				CLANG_WARN_RANGE_LOOP_ANALYSIS = YES;
				CLANG_WARN_STRICT_PROTOTYPES = YES;
				CLANG_WARN_SUSPICIOUS_MOVE = YES;
				CLANG_WARN_UNGUARDED_AVAILABILITY = YES_AGGRESSIVE;
				CLANG_WARN_UNREACHABLE_CODE = YES;
				CLANG_WARN__DUPLICATE_METHOD_MATCH = YES;
				COPY_PHASE_STRIP = NO;
				DEBUG_INFORMATION_FORMAT = "dwarf-with-dsym";
				ENABLE_NS_ASSERTIONS = NO;
				ENABLE_STRICT_OBJC_MSGSEND = YES;
				GCC_C_LANGUAGE_STANDARD = gnu11;
				GCC_NO_COMMON_BLOCKS = YES;
				GCC_WARN_64_TO_32_BIT_CONVERSION = YES;
				GCC_WARN_ABOUT_RETURN_TYPE = YES_ERROR;
				GCC_WARN_UNDECLARED_SELECTOR = YES;
				GCC_WARN_UNINITIALIZED_AUTOS = YES_AGGRESSIVE;
				GCC_WARN_UNUSED_FUNCTION = YES;
				GCC_WARN_UNUSED_VARIABLE = YES;
				IPHONEOS_DEPLOYMENT_TARGET = 13.2;
				MTL_ENABLE_DEBUG_INFO = NO;
				MTL_FAST_MATH = YES;
				SDKROOT = iphoneos;
				SWIFT_COMPILATION_MODE = wholemodule;
				SWIFT_OPTIMIZATION_LEVEL = "-O";
				VALIDATE_PRODUCT = YES;
			};
			name = Release;
		};
		7E867D5823D02FDB00428D9E /* Debug */ = {
			isa = XCBuildConfiguration;
			buildSettings = {
				ASSETCATALOG_COMPILER_APPICON_NAME = AppIcon;
				CODE_SIGN_STYLE = Automatic;
				DEVELOPMENT_TEAM = JL5DG96Y3E;
				INFOPLIST_FILE = evolution/Info.plist;
				LD_RUNPATH_SEARCH_PATHS = (
					"$(inherited)",
					"@executable_path/Frameworks",
				);
				PRODUCT_BUNDLE_IDENTIFIER = com.rainbow.app.evolution;
				PRODUCT_NAME = "$(TARGET_NAME)";
				SWIFT_VERSION = 5.0;
				TARGETED_DEVICE_FAMILY = "1,2";
			};
			name = Debug;
		};
		7E867D5923D02FDB00428D9E /* Release */ = {
			isa = XCBuildConfiguration;
			buildSettings = {
				ASSETCATALOG_COMPILER_APPICON_NAME = AppIcon;
				CODE_SIGN_STYLE = Automatic;
				DEVELOPMENT_TEAM = JL5DG96Y3E;
				INFOPLIST_FILE = evolution/Info.plist;
				LD_RUNPATH_SEARCH_PATHS = (
					"$(inherited)",
					"@executable_path/Frameworks",
				);
				PRODUCT_BUNDLE_IDENTIFIER = com.rainbow.app.evolution;
				PRODUCT_NAME = "$(TARGET_NAME)";
				SWIFT_VERSION = 5.0;
				TARGETED_DEVICE_FAMILY = "1,2";
			};
			name = Release;
		};
/* End XCBuildConfiguration section */

/* Begin XCConfigurationList section */
		7E867D3E23D02FD800428D9E /* Build configuration list for PBXProject "evolution" */ = {
			isa = XCConfigurationList;
			buildConfigurations = (
				7E867D5523D02FDB00428D9E /* Debug */,
				7E867D5623D02FDB00428D9E /* Release */,
			);
			defaultConfigurationIsVisible = 0;
			defaultConfigurationName = Release;
		};
		7E867D5723D02FDB00428D9E /* Build configuration list for PBXNativeTarget "evolution" */ = {
			isa = XCConfigurationList;
			buildConfigurations = (
				7E867D5823D02FDB00428D9E /* Debug */,
				7E867D5923D02FDB00428D9E /* Release */,
			);
			defaultConfigurationIsVisible = 0;
			defaultConfigurationName = Release;
		};
/* End XCConfigurationList section */
	};
	rootObject = 7E867D3B23D02FD800428D9E /* Project object */;
}
